
Microsoft Visual Studio Solution File, Format Version 12.00
# Visual Studio Version 17
VisualStudioVersion = 17.12.35527.113
MinimumVisualStudioVersion = 10.0.40219.1
Project("{FAE04EC0-301F-11D3-BF4B-00C04F79EFBC}") = "CadastroDeMembros", "CadastroDeMembros.csproj", "{1FC25DD4-B237-4B38-9F0F-D80377A0FBF4}"
EndProject
Project("{FAE04EC0-301F-11D3-BF4B-00C04F79EFBC}") = "CadastroDeMembros.Blazor", "..\CadastroDeMembros.Blazor\CadastroDeMembros.Blazor.csproj", "{E28D1CEB-09BD-4273-8FA1-00F52509A954}"
EndProject
Project("{FAE04EC0-301F-11D3-BF4B-00C04F79EFBC}") = "CadastroDeMembros.Function", "..\CadastroDeMembros.Function\CadastroDeMembros.Function.csproj", "{38F06E40-82B0-48B5-B205-6CB2EDEF96AC}"
EndProject
Global
	GlobalSection(SolutionConfigurationPlatforms) = preSolution
		Debug|Any CPU = Debug|Any CPU
		Release|Any CPU = Release|Any CPU
	EndGlobalSection
	GlobalSection(ProjectConfigurationPlatforms) = postSolution
		{1FC25DD4-B237-4B38-9F0F-D80377A0FBF4}.Debug|Any CPU.ActiveCfg = Debug|Any CPU
		{1FC25DD4-B237-4B38-9F0F-D80377A0FBF4}.Debug|Any CPU.Build.0 = Debug|Any CPU
		{1FC25DD4-B237-4B38-9F0F-D80377A0FBF4}.Release|Any CPU.ActiveCfg = Release|Any CPU
		{1FC25DD4-B237-4B38-9F0F-D80377A0FBF4}.Release|Any CPU.Build.0 = Release|Any CPU
		{E28D1CEB-09BD-4273-8FA1-00F52509A954}.Debug|Any CPU.ActiveCfg = Debug|Any CPU
		{E28D1CEB-09BD-4273-8FA1-00F52509A954}.Debug|Any CPU.Build.0 = Debug|Any CPU
		{E28D1CEB-09BD-4273-8FA1-00F52509A954}.Release|Any CPU.ActiveCfg = Release|Any CPU
		{E28D1CEB-09BD-4273-8FA1-00F52509A954}.Release|Any CPU.Build.0 = Release|Any CPU
		{38F06E40-82B0-48B5-B205-6CB2EDEF96AC}.Debug|Any CPU.ActiveCfg = Debug|Any CPU
		{38F06E40-82B0-48B5-B205-6CB2EDEF96AC}.Debug|Any CPU.Build.0 = Debug|Any CPU
		{38F06E40-82B0-48B5-B205-6CB2EDEF96AC}.Release|Any CPU.ActiveCfg = Release|Any CPU
		{38F06E40-82B0-48B5-B205-6CB2EDEF96AC}.Release|Any CPU.Build.0 = Release|Any CPU
	EndGlobalSection
	GlobalSection(SolutionProperties) = preSolution
		HideSolutionNode = FALSE
	EndGlobalSection
EndGlobal
